{
    "name": "maskplus",
    "version": "1.0.0",
    "lockfileVersion": 2,
    "requires": true,
    "packages": {
        "": {
            "name": "maskplus",
            "version": "1.0.0",
            "devDependencies": {
                "@types/node": "^16.0.1",
                "typescript": "^4.3.4"
            }
        },
        "node_modules/@types/node": {
            "version": "16.11.20",
            "resolved": "https://registry.npmjs.org/@types/node/-/node-16.11.20.tgz",
            "integrity": "sha512-lAKaZ0Lc1Umwd0AqLr6iy5U8u/1DpK7/JzNgQn9cMMUk2mFR8bbhEP8BQrI9Cm5CU0bOVCaWbkGBvgqKMOJHsw==",
            "dev": true
        },
        "node_modules/typescript": {
            "version": "4.5.4",
            "resolved": "https://registry.npmjs.org/typescript/-/typescript-4.5.4.tgz",
            "integrity": "sha512-VgYs2A2QIRuGphtzFV7aQJduJ2gyfTljngLzjpfW9FoYZF6xuw1W0vW9ghCKLfcWrCFxK81CSGRAvS1pn4fIUg==",
            "dev": true,
            "bin": {
                "tsc": "bin/tsc",
                "tsserver": "bin/tsserver"
            },
            "engines": {
                "node": ">=4.2.0"
            }
        }
    },
    "dependencies": {
        "@types/node": {
            "version": "16.11.20",
            "resolved": "https://registry.npmjs.org/@types/node/-/node-16.11.20.tgz",
            "integrity": "sha512-lAKaZ0Lc1Umwd0AqLr6iy5U8u/1DpK7/JzNgQn9cMMUk2mFR8bbhEP8BQrI9Cm5CU0bOVCaWbkGBvgqKMOJHsw==",
            "dev": true
        },
        "typescript": {
            "version": "4.5.4",
            "resolved": "https://registry.npmjs.org/typescript/-/typescript-4.5.4.tgz",
            "integrity": "sha512-VgYs2A2QIRuGphtzFV7aQJduJ2gyfTljngLzjpfW9FoYZF6xuw1W0vW9ghCKLfcWrCFxK81CSGRAvS1pn4fIUg==",
            "dev": true
        }
    }
}
